
Microsoft Visual Studio Solution File, Format Version 12.00
# Visual Studio Version 17
VisualStudioVersion = 17.0.31903.59
MinimumVisualStudioVersion = 10.0.40219.1
Project("{2150E333-8FDC-42A3-9474-1A3956D46DE8}") = "src", "src", "{827E0CD3-B72D-47B6-A68D-7590B98EB39B}"
EndProject
Project("{FAE04EC0-301F-11D3-BF4B-00C04F79EFBC}") = "BimPortfolio.Core", "src\BimPortfolio.Core\BimPortfolio.Core.csproj", "{18B24607-D5BE-4CCF-A2AC-08154A612968}"
EndProject
Project("{FAE04EC0-301F-11D3-BF4B-00C04F79EFBC}") = "BimPortfolio.Revit", "src\BimPortfolio.Revit\BimPortfolio.Revit.csproj", "{51441AD1-D4FD-4025-A321-B1ABEC440D55}"
EndProject
Project("{FAE04EC0-301F-11D3-BF4B-00C04F79EFBC}") = "BimPortfolio.UI", "src\BimPortfolio.UI\BimPortfolio.UI.csproj", "{01162B7F-294E-40C3-AEAD-ADD8103349BE}"
EndProject
Project("{FAE04EC0-301F-11D3-BF4B-00C04F79EFBC}") = "ModelGuard", "src\ModelGuard\ModelGuard.csproj", "{54B798F4-A7E3-49C1-BF56-5B98CD1D68C1}"
EndProject
Project("{2150E333-8FDC-42A3-9474-1A3956D46DE8}") = "tools", "tools", "{07C2787E-EAC7-C090-1BA3-A61EC2A24D84}"
EndProject
Project("{FAE04EC0-301F-11D3-BF4B-00C04F79EFBC}") = "BimPortfolio.Demo", "tools\BimPortfolio.Demo\BimPortfolio.Demo.csproj", "{C0AED646-F148-4842-A9CC-07B50E2C7D72}"
EndProject
Project("{2150E333-8FDC-42A3-9474-1A3956D46DE8}") = "tests", "tests", "{0AB3BF05-4346-4AA6-1389-037BE0695223}"
EndProject
Project("{FAE04EC0-301F-11D3-BF4B-00C04F79EFBC}") = "BimPortfolio.Core.Tests", "tests\BimPortfolio.Core.Tests\BimPortfolio.Core.Tests.csproj", "{C451B32B-FBD4-4804-976E-CA2EE9C3B3BA}"
EndProject
Project("{FAE04EC0-301F-11D3-BF4B-00C04F79EFBC}") = "BimPortfolio.Presentation", "src\BimPortfolio.Presentation\BimPortfolio.Presentation.csproj", "{D9EEB22B-D4EA-4FFE-8B56-7B1CE4D07149}"
EndProject
Project("{FAE04EC0-301F-11D3-BF4B-00C04F79EFBC}") = "BimPortfolio.Presentation.Tests", "tests\BimPortfolio.Presentation.Tests\BimPortfolio.Presentation.Tests.csproj", "{3872AA76-FF7E-4CFC-9460-3053910CA26E}"
EndProject
Global
	GlobalSection(SolutionConfigurationPlatforms) = preSolution
		Debug|Any CPU = Debug|Any CPU
		Debug|x64 = Debug|x64
		Debug|x86 = Debug|x86
		Release|Any CPU = Release|Any CPU
		Release|x64 = Release|x64
		Release|x86 = Release|x86
	EndGlobalSection
	GlobalSection(ProjectConfigurationPlatforms) = postSolution
		{18B24607-D5BE-4CCF-A2AC-08154A612968}.Debug|Any CPU.ActiveCfg = Debug|Any CPU
		{18B24607-D5BE-4CCF-A2AC-08154A612968}.Debug|Any CPU.Build.0 = Debug|Any CPU
		{18B24607-D5BE-4CCF-A2AC-08154A612968}.Debug|x64.ActiveCfg = Debug|Any CPU
		{18B24607-D5BE-4CCF-A2AC-08154A612968}.Debug|x64.Build.0 = Debug|Any CPU
		{18B24607-D5BE-4CCF-A2AC-08154A612968}.Debug|x86.ActiveCfg = Debug|Any CPU
		{18B24607-D5BE-4CCF-A2AC-08154A612968}.Debug|x86.Build.0 = Debug|Any CPU
		{18B24607-D5BE-4CCF-A2AC-08154A612968}.Release|Any CPU.ActiveCfg = Release|Any CPU
		{18B24607-D5BE-4CCF-A2AC-08154A612968}.Release|Any CPU.Build.0 = Release|Any CPU
		{18B24607-D5BE-4CCF-A2AC-08154A612968}.Release|x64.ActiveCfg = Release|Any CPU
		{18B24607-D5BE-4CCF-A2AC-08154A612968}.Release|x64.Build.0 = Release|Any CPU
		{18B24607-D5BE-4CCF-A2AC-08154A612968}.Release|x86.ActiveCfg = Release|Any CPU
		{18B24607-D5BE-4CCF-A2AC-08154A612968}.Release|x86.Build.0 = Release|Any CPU
		{51441AD1-D4FD-4025-A321-B1ABEC440D55}.Debug|Any CPU.ActiveCfg = Debug|Any CPU
		{51441AD1-D4FD-4025-A321-B1ABEC440D55}.Debug|Any CPU.Build.0 = Debug|Any CPU
		{51441AD1-D4FD-4025-A321-B1ABEC440D55}.Debug|x64.ActiveCfg = Debug|Any CPU
		{51441AD1-D4FD-4025-A321-B1ABEC440D55}.Debug|x64.Build.0 = Debug|Any CPU
		{51441AD1-D4FD-4025-A321-B1ABEC440D55}.Debug|x86.ActiveCfg = Debug|Any CPU
		{51441AD1-D4FD-4025-A321-B1ABEC440D55}.Debug|x86.Build.0 = Debug|Any CPU
		{51441AD1-D4FD-4025-A321-B1ABEC440D55}.Release|Any CPU.ActiveCfg = Release|Any CPU
		{51441AD1-D4FD-4025-A321-B1ABEC440D55}.Release|Any CPU.Build.0 = Release|Any CPU
		{51441AD1-D4FD-4025-A321-B1ABEC440D55}.Release|x64.ActiveCfg = Release|Any CPU
		{51441AD1-D4FD-4025-A321-B1ABEC440D55}.Release|x64.Build.0 = Release|Any CPU
		{51441AD1-D4FD-4025-A321-B1ABEC440D55}.Release|x86.ActiveCfg = Release|Any CPU
		{51441AD1-D4FD-4025-A321-B1ABEC440D55}.Release|x86.Build.0 = Release|Any CPU
		{01162B7F-294E-40C3-AEAD-ADD8103349BE}.Debug|Any CPU.ActiveCfg = Debug|Any CPU
		{01162B7F-294E-40C3-AEAD-ADD8103349BE}.Debug|Any CPU.Build.0 = Debug|Any CPU
		{01162B7F-294E-40C3-AEAD-ADD8103349BE}.Debug|x64.ActiveCfg = Debug|Any CPU
		{01162B7F-294E-40C3-AEAD-ADD8103349BE}.Debug|x64.Build.0 = Debug|Any CPU
		{01162B7F-294E-40C3-AEAD-ADD8103349BE}.Debug|x86.ActiveCfg = Debug|Any CPU
		{01162B7F-294E-40C3-AEAD-ADD8103349BE}.Debug|x86.Build.0 = Debug|Any CPU
		{01162B7F-294E-40C3-AEAD-ADD8103349BE}.Release|Any CPU.ActiveCfg = Release|Any CPU
		{01162B7F-294E-40C3-AEAD-ADD8103349BE}.Release|Any CPU.Build.0 = Release|Any CPU
		{01162B7F-294E-40C3-AEAD-ADD8103349BE}.Release|x64.ActiveCfg = Release|Any CPU
		{01162B7F-294E-40C3-AEAD-ADD8103349BE}.Release|x64.Build.0 = Release|Any CPU
		{01162B7F-294E-40C3-AEAD-ADD8103349BE}.Release|x86.ActiveCfg = Release|Any CPU
		{01162B7F-294E-40C3-AEAD-ADD8103349BE}.Release|x86.Build.0 = Release|Any CPU
		{54B798F4-A7E3-49C1-BF56-5B98CD1D68C1}.Debug|Any CPU.ActiveCfg = Debug|Any CPU
		{54B798F4-A7E3-49C1-BF56-5B98CD1D68C1}.Debug|Any CPU.Build.0 = Debug|Any CPU
		{54B798F4-A7E3-49C1-BF56-5B98CD1D68C1}.Debug|x64.ActiveCfg = Debug|Any CPU
		{54B798F4-A7E3-49C1-BF56-5B98CD1D68C1}.Debug|x64.Build.0 = Debug|Any CPU
		{54B798F4-A7E3-49C1-BF56-5B98CD1D68C1}.Debug|x86.ActiveCfg = Debug|Any CPU
		{54B798F4-A7E3-49C1-BF56-5B98CD1D68C1}.Debug|x86.Build.0 = Debug|Any CPU
		{54B798F4-A7E3-49C1-BF56-5B98CD1D68C1}.Release|Any CPU.ActiveCfg = Release|Any CPU
		{54B798F4-A7E3-49C1-BF56-5B98CD1D68C1}.Release|Any CPU.Build.0 = Release|Any CPU
		{54B798F4-A7E3-49C1-BF56-5B98CD1D68C1}.Release|x64.ActiveCfg = Release|Any CPU
		{54B798F4-A7E3-49C1-BF56-5B98CD1D68C1}.Release|x64.Build.0 = Release|Any CPU
		{54B798F4-A7E3-49C1-BF56-5B98CD1D68C1}.Release|x86.ActiveCfg = Release|Any CPU
		{54B798F4-A7E3-49C1-BF56-5B98CD1D68C1}.Release|x86.Build.0 = Release|Any CPU
		{C0AED646-F148-4842-A9CC-07B50E2C7D72}.Debug|Any CPU.ActiveCfg = Debug|Any CPU
		{C0AED646-F148-4842-A9CC-07B50E2C7D72}.Debug|Any CPU.Build.0 = Debug|Any CPU
		{C0AED646-F148-4842-A9CC-07B50E2C7D72}.Debug|x64.ActiveCfg = Debug|Any CPU
		{C0AED646-F148-4842-A9CC-07B50E2C7D72}.Debug|x64.Build.0 = Debug|Any CPU
		{C0AED646-F148-4842-A9CC-07B50E2C7D72}.Debug|x86.ActiveCfg = Debug|Any CPU
		{C0AED646-F148-4842-A9CC-07B50E2C7D72}.Debug|x86.Build.0 = Debug|Any CPU
		{C0AED646-F148-4842-A9CC-07B50E2C7D72}.Release|Any CPU.ActiveCfg = Release|Any CPU
		{C0AED646-F148-4842-A9CC-07B50E2C7D72}.Release|Any CPU.Build.0 = Release|Any CPU
		{C0AED646-F148-4842-A9CC-07B50E2C7D72}.Release|x64.ActiveCfg = Release|Any CPU
		{C0AED646-F148-4842-A9CC-07B50E2C7D72}.Release|x64.Build.0 = Release|Any CPU
		{C0AED646-F148-4842-A9CC-07B50E2C7D72}.Release|x86.ActiveCfg = Release|Any CPU
		{C0AED646-F148-4842-A9CC-07B50E2C7D72}.Release|x86.Build.0 = Release|Any CPU
		{C451B32B-FBD4-4804-976E-CA2EE9C3B3BA}.Debug|Any CPU.ActiveCfg = Debug|Any CPU
		{C451B32B-FBD4-4804-976E-CA2EE9C3B3BA}.Debug|Any CPU.Build.0 = Debug|Any CPU
		{C451B32B-FBD4-4804-976E-CA2EE9C3B3BA}.Debug|x64.ActiveCfg = Debug|Any CPU
		{C451B32B-FBD4-4804-976E-CA2EE9C3B3BA}.Debug|x64.Build.0 = Debug|Any CPU
		{C451B32B-FBD4-4804-976E-CA2EE9C3B3BA}.Debug|x86.ActiveCfg = Debug|Any CPU
		{C451B32B-FBD4-4804-976E-CA2EE9C3B3BA}.Debug|x86.Build.0 = Debug|Any CPU
		{C451B32B-FBD4-4804-976E-CA2EE9C3B3BA}.Release|Any CPU.ActiveCfg = Release|Any CPU
		{C451B32B-FBD4-4804-976E-CA2EE9C3B3BA}.Release|Any CPU.Build.0 = Release|Any CPU
		{C451B32B-FBD4-4804-976E-CA2EE9C3B3BA}.Release|x64.ActiveCfg = Release|Any CPU
		{C451B32B-FBD4-4804-976E-CA2EE9C3B3BA}.Release|x64.Build.0 = Release|Any CPU
		{C451B32B-FBD4-4804-976E-CA2EE9C3B3BA}.Release|x86.ActiveCfg = Release|Any CPU
		{C451B32B-FBD4-4804-976E-CA2EE9C3B3BA}.Release|x86.Build.0 = Release|Any CPU
		{D9EEB22B-D4EA-4FFE-8B56-7B1CE4D07149}.Debug|Any CPU.ActiveCfg = Debug|Any CPU
		{D9EEB22B-D4EA-4FFE-8B56-7B1CE4D07149}.Debug|Any CPU.Build.0 = Debug|Any CPU
		{D9EEB22B-D4EA-4FFE-8B56-7B1CE4D07149}.Debug|x64.ActiveCfg = Debug|Any CPU
		{D9EEB22B-D4EA-4FFE-8B56-7B1CE4D07149}.Debug|x64.Build.0 = Debug|Any CPU
		{D9EEB22B-D4EA-4FFE-8B56-7B1CE4D07149}.Debug|x86.ActiveCfg = Debug|Any CPU
		{D9EEB22B-D4EA-4FFE-8B56-7B1CE4D07149}.Debug|x86.Build.0 = Debug|Any CPU
		{D9EEB22B-D4EA-4FFE-8B56-7B1CE4D07149}.Release|Any CPU.ActiveCfg = Release|Any CPU
		{D9EEB22B-D4EA-4FFE-8B56-7B1CE4D07149}.Release|Any CPU.Build.0 = Release|Any CPU
		{D9EEB22B-D4EA-4FFE-8B56-7B1CE4D07149}.Release|x64.ActiveCfg = Release|Any CPU
		{D9EEB22B-D4EA-4FFE-8B56-7B1CE4D07149}.Release|x64.Build.0 = Release|Any CPU
		{D9EEB22B-D4EA-4FFE-8B56-7B1CE4D07149}.Release|x86.ActiveCfg = Release|Any CPU
		{D9EEB22B-D4EA-4FFE-8B56-7B1CE4D07149}.Release|x86.Build.0 = Release|Any CPU
		{3872AA76-FF7E-4CFC-9460-3053910CA26E}.Debug|Any CPU.ActiveCfg = Debug|Any CPU
		{3872AA76-FF7E-4CFC-9460-3053910CA26E}.Debug|Any CPU.Build.0 = Debug|Any CPU
		{3872AA76-FF7E-4CFC-9460-3053910CA26E}.Debug|x64.ActiveCfg = Debug|Any CPU
		{3872AA76-FF7E-4CFC-9460-3053910CA26E}.Debug|x64.Build.0 = Debug|Any CPU
		{3872AA76-FF7E-4CFC-9460-3053910CA26E}.Debug|x86.ActiveCfg = Debug|Any CPU
		{3872AA76-FF7E-4CFC-9460-3053910CA26E}.Debug|x86.Build.0 = Debug|Any CPU
		{3872AA76-FF7E-4CFC-9460-3053910CA26E}.Release|Any CPU.ActiveCfg = Release|Any CPU
		{3872AA76-FF7E-4CFC-9460-3053910CA26E}.Release|Any CPU.Build.0 = Release|Any CPU
		{3872AA76-FF7E-4CFC-9460-3053910CA26E}.Release|x64.ActiveCfg = Release|Any CPU
		{3872AA76-FF7E-4CFC-9460-3053910CA26E}.Release|x64.Build.0 = Release|Any CPU
		{3872AA76-FF7E-4CFC-9460-3053910CA26E}.Release|x86.ActiveCfg = Release|Any CPU
		{3872AA76-FF7E-4CFC-9460-3053910CA26E}.Release|x86.Build.0 = Release|Any CPU
	EndGlobalSection
	GlobalSection(SolutionProperties) = preSolution
		HideSolutionNode = FALSE
	EndGlobalSection
	GlobalSection(NestedProjects) = preSolution
		{18B24607-D5BE-4CCF-A2AC-08154A612968} = {827E0CD3-B72D-47B6-A68D-7590B98EB39B}
		{51441AD1-D4FD-4025-A321-B1ABEC440D55} = {827E0CD3-B72D-47B6-A68D-7590B98EB39B}
		{01162B7F-294E-40C3-AEAD-ADD8103349BE} = {827E0CD3-B72D-47B6-A68D-7590B98EB39B}
		{54B798F4-A7E3-49C1-BF56-5B98CD1D68C1} = {827E0CD3-B72D-47B6-A68D-7590B98EB39B}
		{C0AED646-F148-4842-A9CC-07B50E2C7D72} = {07C2787E-EAC7-C090-1BA3-A61EC2A24D84}
		{C451B32B-FBD4-4804-976E-CA2EE9C3B3BA} = {0AB3BF05-4346-4AA6-1389-037BE0695223}
		{D9EEB22B-D4EA-4FFE-8B56-7B1CE4D07149} = {827E0CD3-B72D-47B6-A68D-7590B98EB39B}
		{3872AA76-FF7E-4CFC-9460-3053910CA26E} = {0AB3BF05-4346-4AA6-1389-037BE0695223}
	EndGlobalSection
EndGlobal
